
Microsoft Visual Studio Solution File, Format Version 12.00
# Visual Studio 15
VisualStudioVersion = 15.0.27428.2027
MinimumVisualStudioVersion = 10.0.40219.1
Project("{FAE04EC0-301F-11D3-BF4B-00C04F79EFBC}") = "TestNetCore", "TestNetCore\TestNetCore.csproj", "{DED48572-4B26-4B50-8489-EE5F05E3A084}"
EndProject
Global
	GlobalSection(SolutionConfigurationPlatforms) = preSolution
		Debug|Any CPU = Debug|Any CPU
		Release|Any CPU = Release|Any CPU
	EndGlobalSection
	GlobalSection(ProjectConfigurationPlatforms) = postSolution
		{DED48572-4B26-4B50-8489-EE5F05E3A084}.Debug|Any CPU.ActiveCfg = Debug|Any CPU
		{DED48572-4B26-4B50-8489-EE5F05E3A084}.Debug|Any CPU.Build.0 = Debug|Any CPU
		{DED48572-4B26-4B50-8489-EE5F05E3A084}.Release|Any CPU.ActiveCfg = Release|Any CPU
		{DED48572-4B26-4B50-8489-EE5F05E3A084}.Release|Any CPU.Build.0 = Release|Any CPU
	EndGlobalSection
	GlobalSection(SolutionProperties) = preSolution
		HideSolutionNode = FALSE
	EndGlobalSection
	GlobalSection(ExtensibilityGlobals) = postSolution
		SolutionGuid = {4CCC7E78-1F9E-4329-8F70-BCC003FACCC0}
	EndGlobalSection
EndGlobal
